
Microsoft Visual Studio Solution File, Format Version 12.00
Project("{FAE04EC0-301F-11D3-BF4B-00C04F79EFBC}") = "egui-project-react", "egui-project-react\egui-project-react.csproj", "{778774DD-1E35-4677-9ECF-BBC2E99EF2ED}"
EndProject
Global
	GlobalSection(SolutionConfigurationPlatforms) = preSolution
		Debug|Any CPU = Debug|Any CPU
		Release|Any CPU = Release|Any CPU
	EndGlobalSection
	GlobalSection(ProjectConfigurationPlatforms) = postSolution
		{778774DD-1E35-4677-9ECF-BBC2E99EF2ED}.Debug|Any CPU.ActiveCfg = Debug|Any CPU
		{778774DD-1E35-4677-9ECF-BBC2E99EF2ED}.Debug|Any CPU.Build.0 = Debug|Any CPU
		{778774DD-1E35-4677-9ECF-BBC2E99EF2ED}.Release|Any CPU.ActiveCfg = Release|Any CPU
		{778774DD-1E35-4677-9ECF-BBC2E99EF2ED}.Release|Any CPU.Build.0 = Release|Any CPU
	EndGlobalSection
EndGlobal
